
Microsoft Visual Studio Solution File, Format Version 12.00
# Visual Studio Version 16
VisualStudioVersion = 16.0.31025.194
MinimumVisualStudioVersion = 10.0.40219.1
Project("{FAE04EC0-301F-11D3-BF4B-00C04F79EFBC}") = "AppConsultaCep.Android", "AppConsultaCep\AppConsultaCep.Android\AppConsultaCep.Android.csproj", "{7243D5F2-73BB-4C70-9FCA-FE77D631C644}"
EndProject
Project("{FAE04EC0-301F-11D3-BF4B-00C04F79EFBC}") = "AppConsultaCep.iOS", "AppConsultaCep\AppConsultaCep.iOS\AppConsultaCep.iOS.csproj", "{03FBD4E7-F44F-457E-9AF2-CD37B8D2373C}"
EndProject
Project("{9A19103F-16F7-4668-BE54-9A1E7A4F7556}") = "AppConsultaCep", "AppConsultaCep\AppConsultaCep\AppConsultaCep.csproj", "{759D55FF-E48D-4E33-8862-FE7D553937F9}"
EndProject
Global
	GlobalSection(SolutionConfigurationPlatforms) = preSolution
		Debug|Any CPU = Debug|Any CPU
		Debug|ARM = Debug|ARM
		Debug|ARM64 = Debug|ARM64
		Debug|iPhone = Debug|iPhone
		Debug|iPhoneSimulator = Debug|iPhoneSimulator
		Debug|x64 = Debug|x64
		Debug|x86 = Debug|x86
		Release|Any CPU = Release|Any CPU
		Release|ARM = Release|ARM
		Release|ARM64 = Release|ARM64
		Release|iPhone = Release|iPhone
		Release|iPhoneSimulator = Release|iPhoneSimulator
		Release|x64 = Release|x64
		Release|x86 = Release|x86
	EndGlobalSection
	GlobalSection(ProjectConfigurationPlatforms) = postSolution
		{7243D5F2-73BB-4C70-9FCA-FE77D631C644}.Debug|Any CPU.ActiveCfg = Debug|Any CPU
		{7243D5F2-73BB-4C70-9FCA-FE77D631C644}.Debug|Any CPU.Build.0 = Debug|Any CPU
		{7243D5F2-73BB-4C70-9FCA-FE77D631C644}.Debug|Any CPU.Deploy.0 = Debug|Any CPU
		{7243D5F2-73BB-4C70-9FCA-FE77D631C644}.Debug|ARM.ActiveCfg = Debug|Any CPU
		{7243D5F2-73BB-4C70-9FCA-FE77D631C644}.Debug|ARM.Build.0 = Debug|Any CPU
		{7243D5F2-73BB-4C70-9FCA-FE77D631C644}.Debug|ARM.Deploy.0 = Debug|Any CPU
		{7243D5F2-73BB-4C70-9FCA-FE77D631C644}.Debug|ARM64.ActiveCfg = Debug|Any CPU
		{7243D5F2-73BB-4C70-9FCA-FE77D631C644}.Debug|ARM64.Build.0 = Debug|Any CPU
		{7243D5F2-73BB-4C70-9FCA-FE77D631C644}.Debug|ARM64.Deploy.0 = Debug|Any CPU
		{7243D5F2-73BB-4C70-9FCA-FE77D631C644}.Debug|iPhone.ActiveCfg = Debug|Any CPU
		{7243D5F2-73BB-4C70-9FCA-FE77D631C644}.Debug|iPhone.Build.0 = Debug|Any CPU
		{7243D5F2-73BB-4C70-9FCA-FE77D631C644}.Debug|iPhone.Deploy.0 = Debug|Any CPU
		{7243D5F2-73BB-4C70-9FCA-FE77D631C644}.Debug|iPhoneSimulator.ActiveCfg = Debug|Any CPU
		{7243D5F2-73BB-4C70-9FCA-FE77D631C644}.Debug|iPhoneSimulator.Build.0 = Debug|Any CPU
		{7243D5F2-73BB-4C70-9FCA-FE77D631C644}.Debug|iPhoneSimulator.Deploy.0 = Debug|Any CPU
		{7243D5F2-73BB-4C70-9FCA-FE77D631C644}.Debug|x64.ActiveCfg = Debug|Any CPU
		{7243D5F2-73BB-4C70-9FCA-FE77D631C644}.Debug|x64.Build.0 = Debug|Any CPU
		{7243D5F2-73BB-4C70-9FCA-FE77D631C644}.Debug|x64.Deploy.0 = Debug|Any CPU
		{7243D5F2-73BB-4C70-9FCA-FE77D631C644}.Debug|x86.ActiveCfg = Debug|Any CPU
		{7243D5F2-73BB-4C70-9FCA-FE77D631C644}.Debug|x86.Build.0 = Debug|Any CPU
		{7243D5F2-73BB-4C70-9FCA-FE77D631C644}.Debug|x86.Deploy.0 = Debug|Any CPU
		{7243D5F2-73BB-4C70-9FCA-FE77D631C644}.Release|Any CPU.ActiveCfg = Release|Any CPU
		{7243D5F2-73BB-4C70-9FCA-FE77D631C644}.Release|Any CPU.Build.0 = Release|Any CPU
		{7243D5F2-73BB-4C70-9FCA-FE77D631C644}.Release|Any CPU.Deploy.0 = Release|Any CPU
		{7243D5F2-73BB-4C70-9FCA-FE77D631C644}.Release|ARM.ActiveCfg = Release|Any CPU
		{7243D5F2-73BB-4C70-9FCA-FE77D631C644}.Release|ARM.Build.0 = Release|Any CPU
		{7243D5F2-73BB-4C70-9FCA-FE77D631C644}.Release|ARM.Deploy.0 = Release|Any CPU
		{7243D5F2-73BB-4C70-9FCA-FE77D631C644}.Release|ARM64.ActiveCfg = Release|Any CPU
		{7243D5F2-73BB-4C70-9FCA-FE77D631C644}.Release|ARM64.Build.0 = Release|Any CPU
		{7243D5F2-73BB-4C70-9FCA-FE77D631C644}.Release|ARM64.Deploy.0 = Release|Any CPU
		{7243D5F2-73BB-4C70-9FCA-FE77D631C644}.Release|iPhone.ActiveCfg = Release|Any CPU
		{7243D5F2-73BB-4C70-9FCA-FE77D631C644}.Release|iPhone.Build.0 = Release|Any CPU
		{7243D5F2-73BB-4C70-9FCA-FE77D631C644}.Release|iPhone.Deploy.0 = Release|Any CPU
		{7243D5F2-73BB-4C70-9FCA-FE77D631C644}.Release|iPhoneSimulator.ActiveCfg = Release|Any CPU
		{7243D5F2-73BB-4C70-9FCA-FE77D631C644}.Release|iPhoneSimulator.Build.0 = Release|Any CPU
		{7243D5F2-73BB-4C70-9FCA-FE77D631C644}.Release|iPhoneSimulator.Deploy.0 = Release|Any CPU
		{7243D5F2-73BB-4C70-9FCA-FE77D631C644}.Release|x64.ActiveCfg = Release|Any CPU
		{7243D5F2-73BB-4C70-9FCA-FE77D631C644}.Release|x64.Build.0 = Release|Any CPU
		{7243D5F2-73BB-4C70-9FCA-FE77D631C644}.Release|x64.Deploy.0 = Release|Any CPU
		{7243D5F2-73BB-4C70-9FCA-FE77D631C644}.Release|x86.ActiveCfg = Release|Any CPU
		{7243D5F2-73BB-4C70-9FCA-FE77D631C644}.Release|x86.Build.0 = Release|Any CPU
		{7243D5F2-73BB-4C70-9FCA-FE77D631C644}.Release|x86.Deploy.0 = Release|Any CPU
		{03FBD4E7-F44F-457E-9AF2-CD37B8D2373C}.Debug|Any CPU.ActiveCfg = Debug|iPhone
		{03FBD4E7-F44F-457E-9AF2-CD37B8D2373C}.Debug|Any CPU.Build.0 = Debug|iPhone
		{03FBD4E7-F44F-457E-9AF2-CD37B8D2373C}.Debug|Any CPU.Deploy.0 = Debug|iPhone
		{03FBD4E7-F44F-457E-9AF2-CD37B8D2373C}.Debug|ARM.ActiveCfg = Debug|iPhoneSimulator
		{03FBD4E7-F44F-457E-9AF2-CD37B8D2373C}.Debug|ARM64.ActiveCfg = Debug|iPhoneSimulator
		{03FBD4E7-F44F-457E-9AF2-CD37B8D2373C}.Debug|iPhone.ActiveCfg = Debug|iPhone
		{03FBD4E7-F44F-457E-9AF2-CD37B8D2373C}.Debug|iPhone.Build.0 = Debug|iPhone
		{03FBD4E7-F44F-457E-9AF2-CD37B8D2373C}.Debug|iPhone.Deploy.0 = Debug|iPhone
		{03FBD4E7-F44F-457E-9AF2-CD37B8D2373C}.Debug|iPhoneSimulator.ActiveCfg = Debug|iPhoneSimulator
		{03FBD4E7-F44F-457E-9AF2-CD37B8D2373C}.Debug|iPhoneSimulator.Build.0 = Debug|iPhoneSimulator
		{03FBD4E7-F44F-457E-9AF2-CD37B8D2373C}.Debug|iPhoneSimulator.Deploy.0 = Debug|iPhoneSimulator
		{03FBD4E7-F44F-457E-9AF2-CD37B8D2373C}.Debug|x64.ActiveCfg = Debug|iPhoneSimulator
		{03FBD4E7-F44F-457E-9AF2-CD37B8D2373C}.Debug|x86.ActiveCfg = Debug|iPhoneSimulator
		{03FBD4E7-F44F-457E-9AF2-CD37B8D2373C}.Release|Any CPU.ActiveCfg = Release|iPhoneSimulator
		{03FBD4E7-F44F-457E-9AF2-CD37B8D2373C}.Release|Any CPU.Build.0 = Release|iPhoneSimulator
		{03FBD4E7-F44F-457E-9AF2-CD37B8D2373C}.Release|Any CPU.Deploy.0 = Release|iPhoneSimulator
		{03FBD4E7-F44F-457E-9AF2-CD37B8D2373C}.Release|ARM.ActiveCfg = Release|iPhone
		{03FBD4E7-F44F-457E-9AF2-CD37B8D2373C}.Release|ARM64.ActiveCfg = Release|iPhone
		{03FBD4E7-F44F-457E-9AF2-CD37B8D2373C}.Release|iPhone.ActiveCfg = Release|iPhone
		{03FBD4E7-F44F-457E-9AF2-CD37B8D2373C}.Release|iPhone.Build.0 = Release|iPhone
		{03FBD4E7-F44F-457E-9AF2-CD37B8D2373C}.Release|iPhone.Deploy.0 = Release|iPhone
		{03FBD4E7-F44F-457E-9AF2-CD37B8D2373C}.Release|iPhoneSimulator.ActiveCfg = Release|iPhoneSimulator
		{03FBD4E7-F44F-457E-9AF2-CD37B8D2373C}.Release|iPhoneSimulator.Build.0 = Release|iPhoneSimulator
		{03FBD4E7-F44F-457E-9AF2-CD37B8D2373C}.Release|iPhoneSimulator.Deploy.0 = Release|iPhoneSimulator
		{03FBD4E7-F44F-457E-9AF2-CD37B8D2373C}.Release|x64.ActiveCfg = Release|iPhone
		{03FBD4E7-F44F-457E-9AF2-CD37B8D2373C}.Release|x86.ActiveCfg = Release|iPhone
		{759D55FF-E48D-4E33-8862-FE7D553937F9}.Debug|Any CPU.ActiveCfg = Debug|Any CPU
		{759D55FF-E48D-4E33-8862-FE7D553937F9}.Debug|Any CPU.Build.0 = Debug|Any CPU
		{759D55FF-E48D-4E33-8862-FE7D553937F9}.Debug|Any CPU.Deploy.0 = Debug|Any CPU
		{759D55FF-E48D-4E33-8862-FE7D553937F9}.Debug|ARM.ActiveCfg = Debug|Any CPU
		{759D55FF-E48D-4E33-8862-FE7D553937F9}.Debug|ARM.Build.0 = Debug|Any CPU
		{759D55FF-E48D-4E33-8862-FE7D553937F9}.Debug|ARM64.ActiveCfg = Debug|Any CPU
		{759D55FF-E48D-4E33-8862-FE7D553937F9}.Debug|ARM64.Build.0 = Debug|Any CPU
		{759D55FF-E48D-4E33-8862-FE7D553937F9}.Debug|iPhone.ActiveCfg = Debug|Any CPU
		{759D55FF-E48D-4E33-8862-FE7D553937F9}.Debug|iPhone.Build.0 = Debug|Any CPU
		{759D55FF-E48D-4E33-8862-FE7D553937F9}.Debug|iPhone.Deploy.0 = Debug|Any CPU
		{759D55FF-E48D-4E33-8862-FE7D553937F9}.Debug|iPhoneSimulator.ActiveCfg = Debug|Any CPU
		{759D55FF-E48D-4E33-8862-FE7D553937F9}.Debug|iPhoneSimulator.Build.0 = Debug|Any CPU
		{759D55FF-E48D-4E33-8862-FE7D553937F9}.Debug|iPhoneSimulator.Deploy.0 = Debug|Any CPU
		{759D55FF-E48D-4E33-8862-FE7D553937F9}.Debug|x64.ActiveCfg = Debug|Any CPU
		{759D55FF-E48D-4E33-8862-FE7D553937F9}.Debug|x64.Build.0 = Debug|Any CPU
		{759D55FF-E48D-4E33-8862-FE7D553937F9}.Debug|x86.ActiveCfg = Debug|Any CPU
		{759D55FF-E48D-4E33-8862-FE7D553937F9}.Debug|x86.Build.0 = Debug|Any CPU
		{759D55FF-E48D-4E33-8862-FE7D553937F9}.Release|Any CPU.ActiveCfg = Release|Any CPU
		{759D55FF-E48D-4E33-8862-FE7D553937F9}.Release|Any CPU.Build.0 = Release|Any CPU
		{759D55FF-E48D-4E33-8862-FE7D553937F9}.Release|Any CPU.Deploy.0 = Release|Any CPU
		{759D55FF-E48D-4E33-8862-FE7D553937F9}.Release|ARM.ActiveCfg = Release|Any CPU
		{759D55FF-E48D-4E33-8862-FE7D553937F9}.Release|ARM.Build.0 = Release|Any CPU
		{759D55FF-E48D-4E33-8862-FE7D553937F9}.Release|ARM64.ActiveCfg = Release|Any CPU
		{759D55FF-E48D-4E33-8862-FE7D553937F9}.Release|ARM64.Build.0 = Release|Any CPU
		{759D55FF-E48D-4E33-8862-FE7D553937F9}.Release|iPhone.ActiveCfg = Release|Any CPU
		{759D55FF-E48D-4E33-8862-FE7D553937F9}.Release|iPhone.Build.0 = Release|Any CPU
		{759D55FF-E48D-4E33-8862-FE7D553937F9}.Release|iPhone.Deploy.0 = Release|Any CPU
		{759D55FF-E48D-4E33-8862-FE7D553937F9}.Release|iPhoneSimulator.ActiveCfg = Release|Any CPU
		{759D55FF-E48D-4E33-8862-FE7D553937F9}.Release|iPhoneSimulator.Build.0 = Release|Any CPU
		{759D55FF-E48D-4E33-8862-FE7D553937F9}.Release|iPhoneSimulator.Deploy.0 = Release|Any CPU
		{759D55FF-E48D-4E33-8862-FE7D553937F9}.Release|x64.ActiveCfg = Release|Any CPU
		{759D55FF-E48D-4E33-8862-FE7D553937F9}.Release|x64.Build.0 = Release|Any CPU
		{759D55FF-E48D-4E33-8862-FE7D553937F9}.Release|x86.ActiveCfg = Release|Any CPU
		{759D55FF-E48D-4E33-8862-FE7D553937F9}.Release|x86.Build.0 = Release|Any CPU
	EndGlobalSection
	GlobalSection(SolutionProperties) = preSolution
		HideSolutionNode = FALSE
	EndGlobalSection
	GlobalSection(ExtensibilityGlobals) = postSolution
		SolutionGuid = {CAC42EA9-F32D-4C12-8083-312F5AA0DB44}
	EndGlobalSection
EndGlobal
